
Microsoft Visual Studio Solution File, Format Version 12.00
# Visual Studio Version 17
VisualStudioVersion = 17.4.33205.214
MinimumVisualStudioVersion = 10.0.40219.1
Project("{9A19103F-16F7-4668-BE54-9A1E7A4F7556}") = "HealthCare app", "HealthCare app.csproj", "{484B2C3D-DBCB-4D18-943B-18F2FBCA2A07}"
EndProject
Project("{FAE04EC0-301F-11D3-BF4B-00C04F79EFBC}") = "HelthCareAppTests", "..\HelthCareAppTests\HelthCareAppTests.csproj", "{A5CA2F85-F93C-4C88-A007-36A465D4B9EA}"
EndProject
Global
	GlobalSection(SolutionConfigurationPlatforms) = preSolution
		Debug|Any CPU = Debug|Any CPU
		Release|Any CPU = Release|Any CPU
	EndGlobalSection
	GlobalSection(ProjectConfigurationPlatforms) = postSolution
		{484B2C3D-DBCB-4D18-943B-18F2FBCA2A07}.Debug|Any CPU.ActiveCfg = Debug|Any CPU
		{484B2C3D-DBCB-4D18-943B-18F2FBCA2A07}.Debug|Any CPU.Build.0 = Debug|Any CPU
		{484B2C3D-DBCB-4D18-943B-18F2FBCA2A07}.Release|Any CPU.ActiveCfg = Release|Any CPU
		{484B2C3D-DBCB-4D18-943B-18F2FBCA2A07}.Release|Any CPU.Build.0 = Release|Any CPU
		{A5CA2F85-F93C-4C88-A007-36A465D4B9EA}.Debug|Any CPU.ActiveCfg = Debug|Any CPU
		{A5CA2F85-F93C-4C88-A007-36A465D4B9EA}.Debug|Any CPU.Build.0 = Debug|Any CPU
		{A5CA2F85-F93C-4C88-A007-36A465D4B9EA}.Release|Any CPU.ActiveCfg = Release|Any CPU
		{A5CA2F85-F93C-4C88-A007-36A465D4B9EA}.Release|Any CPU.Build.0 = Release|Any CPU
	EndGlobalSection
	GlobalSection(SolutionProperties) = preSolution
		HideSolutionNode = FALSE
	EndGlobalSection
	GlobalSection(ExtensibilityGlobals) = postSolution
		SolutionGuid = {133C8DEB-8DB0-4E32-B0C7-FE756928B144}
	EndGlobalSection
EndGlobal
